
Microsoft Visual Studio Solution File, Format Version 12.00
# Visual Studio Version 16
VisualStudioVersion = 16.0.31729.503
MinimumVisualStudioVersion = 10.0.40219.1
Project("{FAE04EC0-301F-11D3-BF4B-00C04F79EFBC}") = "Task3.25", "Task3.25\Task3.25.csproj", "{26B9C656-11D5-4BE1-811F-B8207F560829}"
EndProject
Global
	GlobalSection(SolutionConfigurationPlatforms) = preSolution
		Debug|Any CPU = Debug|Any CPU
		Release|Any CPU = Release|Any CPU
	EndGlobalSection
	GlobalSection(ProjectConfigurationPlatforms) = postSolution
		{26B9C656-11D5-4BE1-811F-B8207F560829}.Debug|Any CPU.ActiveCfg = Debug|Any CPU
		{26B9C656-11D5-4BE1-811F-B8207F560829}.Debug|Any CPU.Build.0 = Debug|Any CPU
		{26B9C656-11D5-4BE1-811F-B8207F560829}.Release|Any CPU.ActiveCfg = Release|Any CPU
		{26B9C656-11D5-4BE1-811F-B8207F560829}.Release|Any CPU.Build.0 = Release|Any CPU
	EndGlobalSection
	GlobalSection(SolutionProperties) = preSolution
		HideSolutionNode = FALSE
	EndGlobalSection
	GlobalSection(ExtensibilityGlobals) = postSolution
		SolutionGuid = {75E71513-8E5B-447F-90BA-18282659BF71}
	EndGlobalSection
EndGlobal
